# This file was autogenerated by Stack.
# You should not edit this file by hand.
# For more information, please see the documentation at:
#   https://docs.haskellstack.org/en/stable/lock_files

snapshots:
- original:
    url: https://raw.githubusercontent.com/commercialhaskell/stackage-snapshots/master/nightly/2021/11/6.yaml
  completed:
    url: https://raw.githubusercontent.com/commercialhaskell/stackage-snapshots/master/nightly/2021/11/6.yaml
    sha256: b5d7eef8b8b34d08a9604179e2594a9a5025d872146556b51f9d2f7bfead834b
    size: 594850
packages:
- original:
    git: https://github.com/lettier/webviewhs.git
    commit: 21ddd4b4872b2e7eb50c9735e70cfbdedf2c6c1a
  completed:
    pantry-tree:
      sha256: 3b13369a771be7e6b7554ae23b311f80e256c8dece6cbf69674a7c63bcedde61
      size: 4168
    git: https://github.com/lettier/webviewhs.git
    version: 0.1.0.0
    name: webviewhs
    commit: 21ddd4b4872b2e7eb50c9735e70cfbdedf2c6c1a
- original:
    hackage: text-format-heavy-0.1.5.3
  completed:
    pantry-tree:
      sha256: a26845b08d0d78894b1df747eceb3907515e9be208dd239c4a8083e7f6bf804e
      size: 1256
    hackage: text-format-heavy-0.1.5.3@sha256:abbc5f0c4883328df4058cf2145820eaf41c35d1af9cdacc50fc2e4c2bd15dda,2755
- original:
    hackage: happy-1.20.0
  completed:
    pantry-tree:
      sha256: a90122967031e2feb99adbbacf57ddf8627a7c0444720402513d3f11ec7f990a
      size: 8749
    hackage: happy-1.20.0@sha256:f99e612b29d68d784d7e193943a13466f0923de69452a2585081491efed0436b,5709
